{
  "name": "node_heapdump",
  "version": "1.0.0",
  "lockfileVersion": 1,
  "requires": true,
  "dependencies": {
    "heapdump": {
      "version": "0.3.15",
      "resolved": "https://registry.npmjs.org/heapdump/-/heapdump-0.3.15.tgz",
      "integrity": "sha512-n8aSFscI9r3gfhOcAECAtXFaQ1uy4QSke6bnaL+iymYZ/dWs9cqDqHM+rALfsHUwukUbxsdlECZ0pKmJdQ/4OA==",
      "requires": {
        "nan": "^2.13.2"
      }
    },
    "nan": {
      "version": "2.14.2",
      "resolved": "https://registry.npmjs.org/nan/-/nan-2.14.2.tgz",
      "integrity": "sha512-M2ufzIiINKCuDfBSAUr1vWQ+vuVcA9kqx8JJUsbQi6yf1uGRyb7HfpdfUr5qLXf3B/t8dPvcjhKMmlfnP47EzQ=="
    }
  }
}
