{
  "requires": true,
  "lockfileVersion": 1,
  "dependencies": {
    "dotenv": {
      "version": "4.0.0",
      "resolved": "https://registry.npmjs.org/dotenv/-/dotenv-4.0.0.tgz",
      "integrity": "sha1-hk7xN5rO1Vzm+V3r7NzhefegzR0="
    },
    "envkey": {
      "version": "1.2.6",
      "resolved": "https://registry.npmjs.org/envkey/-/envkey-1.2.6.tgz",
      "integrity": "sha512-IQ/Ta9SkqYJnK7Okbpxa0HMAcTSwNP71x4R3Ndqmf6EMaNjKwjSUuX/L4sAZrIeya9tX3bLpLhSIr2RIYqqK/g==",
      "requires": {
        "dotenv": "^4.0.0"
      }
    }
  }
}
