{
  "name": "node_envkey_app",
  "version": "1.0.0",
  "lockfileVersion": 2,
  "requires": true,
  "packages": {
    "": {
      "name": "node_envkey_app",
      "version": "1.0.0",
      "license": "ISC",
      "dependencies": {
        "envkey": "^1.3.1"
      },
      "devDependencies": {}
    },
    "node_modules/dotenv": {
      "version": "4.0.0",
      "resolved": "https://registry.npmjs.org/dotenv/-/dotenv-4.0.0.tgz",
      "integrity": "sha1-hk7xN5rO1Vzm+V3r7NzhefegzR0=",
      "engines": {
        "node": ">=4.6.0"
      }
    },
    "node_modules/envkey": {
      "version": "1.3.1",
      "resolved": "https://registry.npmjs.org/envkey/-/envkey-1.3.1.tgz",
      "integrity": "sha512-iy0gLkArV/nEaY70z8Nd95O9s3krgyUmqwSqQueGzaAUFzWNnYtE9uMBZff0zEA5JHIfZR0ZP4p1jrkJbdX0ig==",
      "dependencies": {
        "dotenv": "^4.0.0"
      }
    }
  },
  "dependencies": {
    "dotenv": {
      "version": "4.0.0",
      "resolved": "https://registry.npmjs.org/dotenv/-/dotenv-4.0.0.tgz",
      "integrity": "sha1-hk7xN5rO1Vzm+V3r7NzhefegzR0="
    },
    "envkey": {
      "version": "1.3.1",
      "resolved": "https://registry.npmjs.org/envkey/-/envkey-1.3.1.tgz",
      "integrity": "sha512-iy0gLkArV/nEaY70z8Nd95O9s3krgyUmqwSqQueGzaAUFzWNnYtE9uMBZff0zEA5JHIfZR0ZP4p1jrkJbdX0ig==",
      "requires": {
        "dotenv": "^4.0.0"
      }
    }
  }
}
