// !$*UTF8*$!
{
	archiveVersion = 1;
	classes = {
	};
	objectVersion = 46;
	objects = {

/* Begin PBXBuildFile section */
		877E41C91B8A8F8300F454CB /* AppDelegate.swift in Sources */ = {isa = PBXBuildFile; fileRef = 877E41C81B8A8F8300F454CB /* AppDelegate.swift */; };
		877E41CB1B8A8F8300F454CB /* ViewController.swift in Sources */ = {isa = PBXBuildFile; fileRef = 877E41CA1B8A8F8300F454CB /* ViewController.swift */; };
		877E41CE1B8A8F8300F454CB /* Main.storyboard in Resources */ = {isa = PBXBuildFile; fileRef = 877E41CC1B8A8F8300F454CB /* Main.storyboard */; };
		877E41D01B8A8F8400F454CB /* Images.xcassets in Resources */ = {isa = PBXBuildFile; fileRef = 877E41CF1B8A8F8400F454CB /* Images.xcassets */; };
		877E41D31B8A8F8400F454CB /* LaunchScreen.xib in Resources */ = {isa = PBXBuildFile; fileRef = 877E41D11B8A8F8400F454CB /* LaunchScreen.xib */; };
		877E41DF1B8A8F8400F454CB /* bridge_headerTests.swift in Sources */ = {isa = PBXBuildFile; fileRef = 877E41DE1B8A8F8400F454CB /* bridge_headerTests.swift */; };
/* End PBXBuildFile section */

/* Begin PBXContainerItemProxy section */
		877E41D91B8A8F8400F454CB /* PBXContainerItemProxy */ = {
			isa = PBXContainerItemProxy;
			containerPortal = 877E41BB1B8A8F8300F454CB /* Project object */;
			proxyType = 1;
			remoteGlobalIDString = 877E41C21B8A8F8300F454CB;
			remoteInfo = bridge_header;
		};
/* End PBXContainerItemProxy section */

/* Begin PBXFileReference section */
		877E41C31B8A8F8300F454CB /* bridge_header.app */ = {isa = PBXFileReference; explicitFileType = wrapper.application; includeInIndex = 0; path = bridge_header.app; sourceTree = BUILT_PRODUCTS_DIR; };
		877E41C71B8A8F8300F454CB /* Info.plist */ = {isa = PBXFileReference; lastKnownFileType = text.plist.xml; path = Info.plist; sourceTree = "<group>"; };
		877E41C81B8A8F8300F454CB /* AppDelegate.swift */ = {isa = PBXFileReference; lastKnownFileType = sourcecode.swift; path = AppDelegate.swift; sourceTree = "<group>"; };
		877E41CA1B8A8F8300F454CB /* ViewController.swift */ = {isa = PBXFileReference; lastKnownFileType = sourcecode.swift; path = ViewController.swift; sourceTree = "<group>"; };
		877E41CD1B8A8F8300F454CB /* Base */ = {isa = PBXFileReference; lastKnownFileType = file.storyboard; name = Base; path = Base.lproj/Main.storyboard; sourceTree = "<group>"; };
		877E41CF1B8A8F8400F454CB /* Images.xcassets */ = {isa = PBXFileReference; lastKnownFileType = folder.assetcatalog; path = Images.xcassets; sourceTree = "<group>"; };
		877E41D21B8A8F8400F454CB /* Base */ = {isa = PBXFileReference; lastKnownFileType = file.xib; name = Base; path = Base.lproj/LaunchScreen.xib; sourceTree = "<group>"; };
		877E41D81B8A8F8400F454CB /* bridge_headerTests.xctest */ = {isa = PBXFileReference; explicitFileType = wrapper.cfbundle; includeInIndex = 0; path = bridge_headerTests.xctest; sourceTree = BUILT_PRODUCTS_DIR; };
		877E41DD1B8A8F8400F454CB /* Info.plist */ = {isa = PBXFileReference; lastKnownFileType = text.plist.xml; path = Info.plist; sourceTree = "<group>"; };
		877E41DE1B8A8F8400F454CB /* bridge_headerTests.swift */ = {isa = PBXFileReference; lastKnownFileType = sourcecode.swift; path = bridge_headerTests.swift; sourceTree = "<group>"; };
/* End PBXFileReference section */

/* Begin PBXFrameworksBuildPhase section */
		877E41C01B8A8F8300F454CB /* Frameworks */ = {
			isa = PBXFrameworksBuildPhase;
			buildActionMask = 2147483647;
			files = (
			);
			runOnlyForDeploymentPostprocessing = 0;
		};
		877E41D51B8A8F8400F454CB /* Frameworks */ = {
			isa = PBXFrameworksBuildPhase;
			buildActionMask = 2147483647;
			files = (
			);
			runOnlyForDeploymentPostprocessing = 0;
		};
/* End PBXFrameworksBuildPhase section */

/* Begin PBXGroup section */
		877E41BA1B8A8F8300F454CB = {
			isa = PBXGroup;
			children = (
				877E41C51B8A8F8300F454CB /* bridge_header */,
				877E41DB1B8A8F8400F454CB /* bridge_headerTests */,
				877E41C41B8A8F8300F454CB /* Products */,
			);
			sourceTree = "<group>";
		};
		877E41C41B8A8F8300F454CB /* Products */ = {
			isa = PBXGroup;
			children = (
				877E41C31B8A8F8300F454CB /* bridge_header.app */,
				877E41D81B8A8F8400F454CB /* bridge_headerTests.xctest */,
			);
			name = Products;
			sourceTree = "<group>";
		};
		877E41C51B8A8F8300F454CB /* bridge_header */ = {
			isa = PBXGroup;
			children = (
				877E41C81B8A8F8300F454CB /* AppDelegate.swift */,
				877E41CA1B8A8F8300F454CB /* ViewController.swift */,
				877E41CC1B8A8F8300F454CB /* Main.storyboard */,
				877E41CF1B8A8F8400F454CB /* Images.xcassets */,
				877E41D11B8A8F8400F454CB /* LaunchScreen.xib */,
				877E41C61B8A8F8300F454CB /* Supporting Files */,
			);
			path = bridge_header;
			sourceTree = "<group>";
		};
		877E41C61B8A8F8300F454CB /* Supporting Files */ = {
			isa = PBXGroup;
			children = (
				877E41C71B8A8F8300F454CB /* Info.plist */,
			);
			name = "Supporting Files";
			sourceTree = "<group>";
		};
		877E41DB1B8A8F8400F454CB /* bridge_headerTests */ = {
			isa = PBXGroup;
			children = (
				877E41DE1B8A8F8400F454CB /* bridge_headerTests.swift */,
				877E41DC1B8A8F8400F454CB /* Supporting Files */,
			);
			path = bridge_headerTests;
			sourceTree = "<group>";
		};
		877E41DC1B8A8F8400F454CB /* Supporting Files */ = {
			isa = PBXGroup;
			children = (
				877E41DD1B8A8F8400F454CB /* Info.plist */,
			);
			name = "Supporting Files";
			sourceTree = "<group>";
		};
/* End PBXGroup section */

/* Begin PBXNativeTarget section */
		877E41C21B8A8F8300F454CB /* bridge_header */ = {
			isa = PBXNativeTarget;
			buildConfigurationList = 877E41E21B8A8F8400F454CB /* Build configuration list for PBXNativeTarget "bridge_header" */;
			buildPhases = (
				877E41BF1B8A8F8300F454CB /* Sources */,
				877E41C01B8A8F8300F454CB /* Frameworks */,
				877E41C11B8A8F8300F454CB /* Resources */,
			);
			buildRules = (
			);
			dependencies = (
			);
			name = bridge_header;
			productName = bridge_header;
			productReference = 877E41C31B8A8F8300F454CB /* bridge_header.app */;
			productType = "com.apple.product-type.application";
		};
		877E41D71B8A8F8400F454CB /* bridge_headerTests */ = {
			isa = PBXNativeTarget;
			buildConfigurationList = 877E41E51B8A8F8400F454CB /* Build configuration list for PBXNativeTarget "bridge_headerTests" */;
			buildPhases = (
				877E41D41B8A8F8400F454CB /* Sources */,
				877E41D51B8A8F8400F454CB /* Frameworks */,
				877E41D61B8A8F8400F454CB /* Resources */,
			);
			buildRules = (
			);
			dependencies = (
				877E41DA1B8A8F8400F454CB /* PBXTargetDependency */,
			);
			name = bridge_headerTests;
			productName = bridge_headerTests;
			productReference = 877E41D81B8A8F8400F454CB /* bridge_headerTests.xctest */;
			productType = "com.apple.product-type.bundle.unit-test";
		};
/* End PBXNativeTarget section */

/* Begin PBXProject section */
		877E41BB1B8A8F8300F454CB /* Project object */ = {
			isa = PBXProject;
			attributes = {
				LastUpgradeCheck = 0640;
				ORGANIZATIONNAME = CloudAvail;
				TargetAttributes = {
					877E41C21B8A8F8300F454CB = {
						CreatedOnToolsVersion = 6.4;
					};
					877E41D71B8A8F8400F454CB = {
						CreatedOnToolsVersion = 6.4;
						TestTargetID = 877E41C21B8A8F8300F454CB;
					};
				};
			};
			buildConfigurationList = 877E41BE1B8A8F8300F454CB /* Build configuration list for PBXProject "bridge_header" */;
			compatibilityVersion = "Xcode 3.2";
			developmentRegion = English;
			hasScannedForEncodings = 0;
			knownRegions = (
				en,
				Base,
			);
			mainGroup = 877E41BA1B8A8F8300F454CB;
			productRefGroup = 877E41C41B8A8F8300F454CB /* Products */;
			projectDirPath = "";
			projectRoot = "";
			targets = (
				877E41C21B8A8F8300F454CB /* bridge_header */,
				877E41D71B8A8F8400F454CB /* bridge_headerTests */,
			);
		};
/* End PBXProject section */

/* Begin PBXResourcesBuildPhase section */
		877E41C11B8A8F8300F454CB /* Resources */ = {
			isa = PBXResourcesBuildPhase;
			buildActionMask = 2147483647;
			files = (
				877E41CE1B8A8F8300F454CB /* Main.storyboard in Resources */,
				877E41D31B8A8F8400F454CB /* LaunchScreen.xib in Resources */,
				877E41D01B8A8F8400F454CB /* Images.xcassets in Resources */,
			);
			runOnlyForDeploymentPostprocessing = 0;
		};
		877E41D61B8A8F8400F454CB /* Resources */ = {
			isa = PBXResourcesBuildPhase;
			buildActionMask = 2147483647;
			files = (
			);
			runOnlyForDeploymentPostprocessing = 0;
		};
/* End PBXResourcesBuildPhase section */

/* Begin PBXSourcesBuildPhase section */
		877E41BF1B8A8F8300F454CB /* Sources */ = {
			isa = PBXSourcesBuildPhase;
			buildActionMask = 2147483647;
			files = (
				877E41CB1B8A8F8300F454CB /* ViewController.swift in Sources */,
				877E41C91B8A8F8300F454CB /* AppDelegate.swift in Sources */,
			);
			runOnlyForDeploymentPostprocessing = 0;
		};
		877E41D41B8A8F8400F454CB /* Sources */ = {
			isa = PBXSourcesBuildPhase;
			buildActionMask = 2147483647;
			files = (
				877E41DF1B8A8F8400F454CB /* bridge_headerTests.swift in Sources */,
			);
			runOnlyForDeploymentPostprocessing = 0;
		};
/* End PBXSourcesBuildPhase section */

/* Begin PBXTargetDependency section */
		877E41DA1B8A8F8400F454CB /* PBXTargetDependency */ = {
			isa = PBXTargetDependency;
			target = 877E41C21B8A8F8300F454CB /* bridge_header */;
			targetProxy = 877E41D91B8A8F8400F454CB /* PBXContainerItemProxy */;
		};
/* End PBXTargetDependency section */

/* Begin PBXVariantGroup section */
		877E41CC1B8A8F8300F454CB /* Main.storyboard */ = {
			isa = PBXVariantGroup;
			children = (
				877E41CD1B8A8F8300F454CB /* Base */,
			);
			name = Main.storyboard;
			sourceTree = "<group>";
		};
		877E41D11B8A8F8400F454CB /* LaunchScreen.xib */ = {
			isa = PBXVariantGroup;
			children = (
				877E41D21B8A8F8400F454CB /* Base */,
			);
			name = LaunchScreen.xib;
			sourceTree = "<group>";
		};
/* End PBXVariantGroup section */

/* Begin XCBuildConfiguration section */
		877E41E01B8A8F8400F454CB /* Debug */ = {
			isa = XCBuildConfiguration;
			buildSettings = {
				ALWAYS_SEARCH_USER_PATHS = NO;
				CLANG_CXX_LANGUAGE_STANDARD = "gnu++0x";
				CLANG_CXX_LIBRARY = "libc++";
				CLANG_ENABLE_MODULES = YES;
				CLANG_ENABLE_OBJC_ARC = YES;
				CLANG_WARN_BOOL_CONVERSION = YES;
				CLANG_WARN_CONSTANT_CONVERSION = YES;
				CLANG_WARN_DIRECT_OBJC_ISA_USAGE = YES_ERROR;
				CLANG_WARN_EMPTY_BODY = YES;
				CLANG_WARN_ENUM_CONVERSION = YES;
				CLANG_WARN_INT_CONVERSION = YES;
				CLANG_WARN_OBJC_ROOT_CLASS = YES_ERROR;
				CLANG_WARN_UNREACHABLE_CODE = YES;
				CLANG_WARN__DUPLICATE_METHOD_MATCH = YES;
				"CODE_SIGN_IDENTITY[sdk=iphoneos*]" = "iPhone Developer";
				COPY_PHASE_STRIP = NO;
				DEBUG_INFORMATION_FORMAT = "dwarf-with-dsym";
				ENABLE_STRICT_OBJC_MSGSEND = YES;
				GCC_C_LANGUAGE_STANDARD = gnu99;
				GCC_DYNAMIC_NO_PIC = NO;
				GCC_NO_COMMON_BLOCKS = YES;
				GCC_OPTIMIZATION_LEVEL = 0;
				GCC_PREPROCESSOR_DEFINITIONS = (
					"DEBUG=1",
					"$(inherited)",
				);
				GCC_SYMBOLS_PRIVATE_EXTERN = NO;
				GCC_WARN_64_TO_32_BIT_CONVERSION = YES;
				GCC_WARN_ABOUT_RETURN_TYPE = YES_ERROR;
				GCC_WARN_UNDECLARED_SELECTOR = YES;
				GCC_WARN_UNINITIALIZED_AUTOS = YES_AGGRESSIVE;
				GCC_WARN_UNUSED_FUNCTION = YES;
				GCC_WARN_UNUSED_VARIABLE = YES;
				IPHONEOS_DEPLOYMENT_TARGET = 8.4;
				MTL_ENABLE_DEBUG_INFO = YES;
				ONLY_ACTIVE_ARCH = YES;
				SDKROOT = iphoneos;
				SWIFT_OPTIMIZATION_LEVEL = "-Onone";
				TARGETED_DEVICE_FAMILY = "1,2";
			};
			name = Debug;
		};
		877E41E11B8A8F8400F454CB /* Release */ = {
			isa = XCBuildConfiguration;
			buildSettings = {
				ALWAYS_SEARCH_USER_PATHS = NO;
				CLANG_CXX_LANGUAGE_STANDARD = "gnu++0x";
				CLANG_CXX_LIBRARY = "libc++";
				CLANG_ENABLE_MODULES = YES;
				CLANG_ENABLE_OBJC_ARC = YES;
				CLANG_WARN_BOOL_CONVERSION = YES;
				CLANG_WARN_CONSTANT_CONVERSION = YES;
				CLANG_WARN_DIRECT_OBJC_ISA_USAGE = YES_ERROR;
				CLANG_WARN_EMPTY_BODY = YES;
				CLANG_WARN_ENUM_CONVERSION = YES;
				CLANG_WARN_INT_CONVERSION = YES;
				CLANG_WARN_OBJC_ROOT_CLASS = YES_ERROR;
				CLANG_WARN_UNREACHABLE_CODE = YES;
				CLANG_WARN__DUPLICATE_METHOD_MATCH = YES;
				"CODE_SIGN_IDENTITY[sdk=iphoneos*]" = "iPhone Developer";
				COPY_PHASE_STRIP = NO;
				DEBUG_INFORMATION_FORMAT = "dwarf-with-dsym";
				ENABLE_NS_ASSERTIONS = NO;
				ENABLE_STRICT_OBJC_MSGSEND = YES;
				GCC_C_LANGUAGE_STANDARD = gnu99;
				GCC_NO_COMMON_BLOCKS = YES;
				GCC_WARN_64_TO_32_BIT_CONVERSION = YES;
				GCC_WARN_ABOUT_RETURN_TYPE = YES_ERROR;
				GCC_WARN_UNDECLARED_SELECTOR = YES;
				GCC_WARN_UNINITIALIZED_AUTOS = YES_AGGRESSIVE;
				GCC_WARN_UNUSED_FUNCTION = YES;
				GCC_WARN_UNUSED_VARIABLE = YES;
				IPHONEOS_DEPLOYMENT_TARGET = 8.4;
				MTL_ENABLE_DEBUG_INFO = NO;
				SDKROOT = iphoneos;
				TARGETED_DEVICE_FAMILY = "1,2";
				VALIDATE_PRODUCT = YES;
			};
			name = Release;
		};
		877E41E31B8A8F8400F454CB /* Debug */ = {
			isa = XCBuildConfiguration;
			buildSettings = {
				ASSETCATALOG_COMPILER_APPICON_NAME = AppIcon;
				INFOPLIST_FILE = bridge_header/Info.plist;
				LD_RUNPATH_SEARCH_PATHS = "$(inherited) @executable_path/Frameworks";
				PRODUCT_NAME = "$(TARGET_NAME)";
			};
			name = Debug;
		};
		877E41E41B8A8F8400F454CB /* Release */ = {
			isa = XCBuildConfiguration;
			buildSettings = {
				ASSETCATALOG_COMPILER_APPICON_NAME = AppIcon;
				INFOPLIST_FILE = bridge_header/Info.plist;
				LD_RUNPATH_SEARCH_PATHS = "$(inherited) @executable_path/Frameworks";
				PRODUCT_NAME = "$(TARGET_NAME)";
			};
			name = Release;
		};
		877E41E61B8A8F8400F454CB /* Debug */ = {
			isa = XCBuildConfiguration;
			buildSettings = {
				BUNDLE_LOADER = "$(TEST_HOST)";
				FRAMEWORK_SEARCH_PATHS = (
					"$(SDKROOT)/Developer/Library/Frameworks",
					"$(inherited)",
				);
				GCC_PREPROCESSOR_DEFINITIONS = (
					"DEBUG=1",
					"$(inherited)",
				);
				INFOPLIST_FILE = bridge_headerTests/Info.plist;
				LD_RUNPATH_SEARCH_PATHS = "$(inherited) @executable_path/Frameworks @loader_path/Frameworks";
				PRODUCT_NAME = "$(TARGET_NAME)";
				TEST_HOST = "$(BUILT_PRODUCTS_DIR)/bridge_header.app/bridge_header";
			};
			name = Debug;
		};
		877E41E71B8A8F8400F454CB /* Release */ = {
			isa = XCBuildConfiguration;
			buildSettings = {
				BUNDLE_LOADER = "$(TEST_HOST)";
				FRAMEWORK_SEARCH_PATHS = (
					"$(SDKROOT)/Developer/Library/Frameworks",
					"$(inherited)",
				);
				INFOPLIST_FILE = bridge_headerTests/Info.plist;
				LD_RUNPATH_SEARCH_PATHS = "$(inherited) @executable_path/Frameworks @loader_path/Frameworks";
				PRODUCT_NAME = "$(TARGET_NAME)";
				TEST_HOST = "$(BUILT_PRODUCTS_DIR)/bridge_header.app/bridge_header";
			};
			name = Release;
		};
/* End XCBuildConfiguration section */

/* Begin XCConfigurationList section */
		877E41BE1B8A8F8300F454CB /* Build configuration list for PBXProject "bridge_header" */ = {
			isa = XCConfigurationList;
			buildConfigurations = (
				877E41E01B8A8F8400F454CB /* Debug */,
				877E41E11B8A8F8400F454CB /* Release */,
			);
			defaultConfigurationIsVisible = 0;
			defaultConfigurationName = Release;
		};
		877E41E21B8A8F8400F454CB /* Build configuration list for PBXNativeTarget "bridge_header" */ = {
			isa = XCConfigurationList;
			buildConfigurations = (
				877E41E31B8A8F8400F454CB /* Debug */,
				877E41E41B8A8F8400F454CB /* Release */,
			);
			defaultConfigurationIsVisible = 0;
		};
		877E41E51B8A8F8400F454CB /* Build configuration list for PBXNativeTarget "bridge_headerTests" */ = {
			isa = XCConfigurationList;
			buildConfigurations = (
				877E41E61B8A8F8400F454CB /* Debug */,
				877E41E71B8A8F8400F454CB /* Release */,
			);
			defaultConfigurationIsVisible = 0;
		};
/* End XCConfigurationList section */
	};
	rootObject = 877E41BB1B8A8F8300F454CB /* Project object */;
}
