{
  "name": "node_ssh_tunnel",
  "version": "1.0.0",
  "lockfileVersion": 1,
  "requires": true,
  "dependencies": {
    "asn1": {
      "version": "0.2.4",
      "resolved": "https://registry.npmjs.org/asn1/-/asn1-0.2.4.tgz",
      "integrity": "sha512-jxwzQpLQjSmWXgwaCZE9Nz+glAG01yF1QnWgbhGwHI5A6FRIEY6IVqtHhIepHqI7/kyEyQEagBC5mBEFlIYvdg==",
      "requires": {
        "safer-buffer": "~2.1.0"
      }
    },
    "debug": {
      "version": "2.6.9",
      "resolved": "https://registry.npmjs.org/debug/-/debug-2.6.9.tgz",
      "integrity": "sha512-bC7ElrdJaJnPbAP+1EotYvqZsb3ecl5wi6Bfi6BJTUcNowp6cvspg0jXznRTKDjm/E7AdgFBVeAPVMNcKGsHMA==",
      "requires": {
        "ms": "2.0.0"
      }
    },
    "fs": {
      "version": "0.0.1-security",
      "resolved": "https://registry.npmjs.org/fs/-/fs-0.0.1-security.tgz",
      "integrity": "sha1-invTcYa23d84E/I4WLV+yq9eQdQ="
    },
    "lodash.defaults": {
      "version": "4.2.0",
      "resolved": "https://registry.npmjs.org/lodash.defaults/-/lodash.defaults-4.2.0.tgz",
      "integrity": "sha1-0JF4cW/+pN3p5ft7N/bwgCJ0WAw="
    },
    "ms": {
      "version": "2.0.0",
      "resolved": "https://registry.npmjs.org/ms/-/ms-2.0.0.tgz",
      "integrity": "sha1-VgiurfwAvmwpAd9fmGF4jeDVl8g="
    },
    "safer-buffer": {
      "version": "2.1.2",
      "resolved": "https://registry.npmjs.org/safer-buffer/-/safer-buffer-2.1.2.tgz",
      "integrity": "sha512-YZo3K82SD7Riyi0E1EQPojLz7kpepnSQI9IyPbHHg1XXXevb5dJI7tpyN2ADxGcQbHG7vcyRHk0cbwqcQriUtg=="
    },
    "semver": {
      "version": "5.7.1",
      "resolved": "https://registry.npmjs.org/semver/-/semver-5.7.1.tgz",
      "integrity": "sha512-sauaDf/PZdVgrLTNYHRtpXa1iRiKcaebiKQ1BJdpQlWH2lCvexQdX55snPFyK7QzpudqbCI0qXFfOasHdyNDGQ=="
    },
    "ssh2": {
      "version": "0.5.4",
      "resolved": "https://registry.npmjs.org/ssh2/-/ssh2-0.5.4.tgz",
      "integrity": "sha1-G/a2soyW6u8mf01sRqWiUXpZnic=",
      "requires": {
        "ssh2-streams": "~0.1.15"
      }
    },
    "ssh2-streams": {
      "version": "0.1.20",
      "resolved": "https://registry.npmjs.org/ssh2-streams/-/ssh2-streams-0.1.20.tgz",
      "integrity": "sha1-URGNFUVV31Rp7h9n4M8efoosDjo=",
      "requires": {
        "asn1": "~0.2.0",
        "semver": "^5.1.0",
        "streamsearch": "~0.1.2"
      }
    },
    "streamsearch": {
      "version": "0.1.2",
      "resolved": "https://registry.npmjs.org/streamsearch/-/streamsearch-0.1.2.tgz",
      "integrity": "sha1-gIudDlb8Jz2Am6VzOOkpkZoanxo="
    },
    "tunnel-ssh": {
      "version": "4.1.4",
      "resolved": "https://registry.npmjs.org/tunnel-ssh/-/tunnel-ssh-4.1.4.tgz",
      "integrity": "sha512-CjBqboGvAbM7iXSX2F95kzoI+c2J81YkrHbyyo4SWNKCzU6w5LfEvXBCHu6PPriYaNvfhMKzD8bFf5Vl14YTtg==",
      "requires": {
        "debug": "2.6.9",
        "lodash.defaults": "^4.1.0",
        "ssh2": "0.5.4"
      }
    }
  }
}
